{
	"name": "@soulsoftware/rxbus",
	"version": "0.3.0",
	"lockfileVersion": 1,
	"requires": true,
	"packages": {
		"": {
			"name": "@soulsoftware/rxbus",
			"version": "0.2.2",
			"license": "ISC",
			"dependencies": {
				"rxjs": "^7.0.0"
			},
			"devDependencies": {
				"@parcel/packager-ts": "^2.0.0-beta.2"
			}
		},
		"node_modules/@parcel/packager-ts": {
			"version": "2.0.0-beta.2",
			"resolved": "https://registry.npmjs.org/@parcel/packager-ts/-/packager-ts-2.0.0-beta.2.tgz",
			"integrity": "sha512-Dip+mKPv9Yn6J+JiLgHDZDXp5+cBI4jebHbYZIqBAxMnjWs4rR30u0QMNZESWx+Ds2u9W08zglzafm685+z1Sg==",
			"dev": true,
			"dependencies": {
				"@parcel/plugin": "2.0.0-beta.2"
			},
			"engines": {
				"node": ">= 12.0.0",
				"parcel": "^2.0.0-beta.1"
			}
		},
		"node_modules/@parcel/plugin": {
			"version": "2.0.0-beta.2",
			"resolved": "https://registry.npmjs.org/@parcel/plugin/-/plugin-2.0.0-beta.2.tgz",
			"integrity": "sha512-I89k7uc+yeSe6LrREajkvR6HnfcZzMDoz/TjnfG0W+iQYdKKaAuggf9zlQ6aOr8moGM1orcVSx5X+77u/tX0gg==",
			"dev": true,
			"dependencies": {
				"@parcel/types": "2.0.0-beta.2"
			},
			"engines": {
				"node": ">= 12.0.0"
			}
		},
		"node_modules/@parcel/types": {
			"version": "2.0.0-beta.2",
			"resolved": "https://registry.npmjs.org/@parcel/types/-/types-2.0.0-beta.2.tgz",
			"integrity": "sha512-ri2BPGAFDntQbA5p3m/4QgnEqWYToUMkAtLelXSPbwnTM0KARavTAwSRqz1xwTdXa8gQyv4SSV7xURwaPaZ3GA==",
			"dev": true
		},
		"node_modules/rxjs": {
			"version": "7.0.0",
			"resolved": "https://registry.npmjs.org/rxjs/-/rxjs-7.0.0.tgz",
			"integrity": "sha512-I1V/ArAtGJg4kmCfms8fULm0SwYgEsAf2d5WPCBGzTYm2qTjO3Tx4EDFaGjbOox8CeEsC69jQK22mnmfyA26sw==",
			"dependencies": {
				"tslib": "~2.1.0"
			}
		},
		"node_modules/tslib": {
			"version": "2.1.0",
			"resolved": "https://registry.npmjs.org/tslib/-/tslib-2.1.0.tgz",
			"integrity": "sha512-hcVC3wYEziELGGmEEXue7D75zbwIIVUMWAVbHItGPx0ziyXxrOMQx4rQEVEV45Ut/1IotuEvwqPopzIOkDMf0A=="
		}
	},
	"dependencies": {
		"@parcel/packager-ts": {
			"version": "2.0.0-beta.2",
			"resolved": "https://registry.npmjs.org/@parcel/packager-ts/-/packager-ts-2.0.0-beta.2.tgz",
			"integrity": "sha512-Dip+mKPv9Yn6J+JiLgHDZDXp5+cBI4jebHbYZIqBAxMnjWs4rR30u0QMNZESWx+Ds2u9W08zglzafm685+z1Sg==",
			"dev": true,
			"requires": {
				"@parcel/plugin": "2.0.0-beta.2"
			}
		},
		"@parcel/plugin": {
			"version": "2.0.0-beta.2",
			"resolved": "https://registry.npmjs.org/@parcel/plugin/-/plugin-2.0.0-beta.2.tgz",
			"integrity": "sha512-I89k7uc+yeSe6LrREajkvR6HnfcZzMDoz/TjnfG0W+iQYdKKaAuggf9zlQ6aOr8moGM1orcVSx5X+77u/tX0gg==",
			"dev": true,
			"requires": {
				"@parcel/types": "2.0.0-beta.2"
			}
		},
		"@parcel/types": {
			"version": "2.0.0-beta.2",
			"resolved": "https://registry.npmjs.org/@parcel/types/-/types-2.0.0-beta.2.tgz",
			"integrity": "sha512-ri2BPGAFDntQbA5p3m/4QgnEqWYToUMkAtLelXSPbwnTM0KARavTAwSRqz1xwTdXa8gQyv4SSV7xURwaPaZ3GA==",
			"dev": true
		},
		"rxjs": {
			"version": "7.0.0",
			"resolved": "https://registry.npmjs.org/rxjs/-/rxjs-7.0.0.tgz",
			"integrity": "sha512-I1V/ArAtGJg4kmCfms8fULm0SwYgEsAf2d5WPCBGzTYm2qTjO3Tx4EDFaGjbOox8CeEsC69jQK22mnmfyA26sw==",
			"requires": {
				"tslib": "~2.1.0"
			}
		},
		"tslib": {
			"version": "2.1.0",
			"resolved": "https://registry.npmjs.org/tslib/-/tslib-2.1.0.tgz",
			"integrity": "sha512-hcVC3wYEziELGGmEEXue7D75zbwIIVUMWAVbHItGPx0ziyXxrOMQx4rQEVEV45Ut/1IotuEvwqPopzIOkDMf0A=="
		}
	}
}
