{
	"name": "@soulsoftware/rxbus-timer",
	"version": "0.1.1",
	"lockfileVersion": 1,
	"requires": true,
	"dependencies": {
		"@parcel/packager-ts": {
			"version": "2.0.0-beta.2",
			"resolved": "https://registry.npmjs.org/@parcel/packager-ts/-/packager-ts-2.0.0-beta.2.tgz",
			"integrity": "sha512-Dip+mKPv9Yn6J+JiLgHDZDXp5+cBI4jebHbYZIqBAxMnjWs4rR30u0QMNZESWx+Ds2u9W08zglzafm685+z1Sg==",
			"dev": true,
			"requires": {
				"@parcel/plugin": "2.0.0-beta.2"
			}
		},
		"@parcel/plugin": {
			"version": "2.0.0-beta.2",
			"resolved": "https://registry.npmjs.org/@parcel/plugin/-/plugin-2.0.0-beta.2.tgz",
			"integrity": "sha512-I89k7uc+yeSe6LrREajkvR6HnfcZzMDoz/TjnfG0W+iQYdKKaAuggf9zlQ6aOr8moGM1orcVSx5X+77u/tX0gg==",
			"dev": true,
			"requires": {
				"@parcel/types": "2.0.0-beta.2"
			}
		},
		"@parcel/types": {
			"version": "2.0.0-beta.2",
			"resolved": "https://registry.npmjs.org/@parcel/types/-/types-2.0.0-beta.2.tgz",
			"integrity": "sha512-ri2BPGAFDntQbA5p3m/4QgnEqWYToUMkAtLelXSPbwnTM0KARavTAwSRqz1xwTdXa8gQyv4SSV7xURwaPaZ3GA==",
			"dev": true
		},
		"@soulsoftware/bus-module": {
			"version": "0.0.1-alpha.0",
			"resolved": "https://npm.pkg.github.com/download/@soulsoftware/bus-module/0.0.1-alpha.0/83043ad09264d717465e344b9af649e8db1968ef2a9a3e126a06c3ab4a5c5118",
			"integrity": "sha512-8pj4wx7Pbsv5AmcPHtpMPiqjoPLozH1vRDVxtVD2dEq0YADY6iMb1+pOPXLsWdKsXQG3qiD+TCwZc9ECesi8dw=="
		},
		"@soulsoftware/rxbus": {
			"version": "0.0.2-alpha.0",
			"resolved": "https://npm.pkg.github.com/download/@soulsoftware/rxbus/0.0.2-alpha.0/ac7172b4c326008e39b5991fa25ef5ab353011431805e8636160df2f8a028f5f",
			"integrity": "sha512-okC546aOL6mtNUF+UWmri/emH3TcbhgmGLoEu1TMa+KKFpSlPItTjXFKYPNr0owVnN+8YEDf+mC5m4bn9C6pyg==",
			"requires": {
				"@soulsoftware/bus-module": "^0.0.1-alpha.0",
				"rxjs": "^6.6.7"
			}
		},
		"rxjs": {
			"version": "6.6.7",
			"resolved": "https://registry.npmjs.org/rxjs/-/rxjs-6.6.7.tgz",
			"integrity": "sha512-hTdwr+7yYNIT5n4AMYp85KA6yw2Va0FLa3Rguvbpa4W3I5xynaBZo41cM3XM+4Q6fRMj3sBYIR1VAmZMXYJvRQ==",
			"requires": {
				"tslib": "^1.9.0"
			}
		},
		"tslib": {
			"version": "1.14.1",
			"resolved": "https://registry.npmjs.org/tslib/-/tslib-1.14.1.tgz",
			"integrity": "sha512-Xni35NKzjgMrwevysHTCArtLDpPvye8zV/0E4EyYn43P7/7qvQwPh9BGkHewbMulVntbigmcT7rdX3BNo9wRJg=="
		}
	}
}
