{
  "name": "@bsorrentino/evtbus",
  "version": "0.8.0",
  "lockfileVersion": 2,
  "requires": true,
  "packages": {
    "": {
      "name": "@bsorrentino/evtbus",
      "version": "0.8.0",
      "license": "MIT",
      "dependencies": {
        "evt": "^2.2.1"
      }
    },
    "node_modules/evt": {
      "version": "2.2.1",
      "resolved": "https://registry.npmjs.org/evt/-/evt-2.2.1.tgz",
      "integrity": "sha512-MbzwSxMaZrmg09Q0HeK/W0/xwH3u9jFxb78MAXhhFczjog8gqoaO1IQGCAIOlI7FHW7NzuoCKpjcIyJUva7H3w==",
      "dependencies": {
        "minimal-polyfills": "^2.2.1",
        "run-exclusive": "^2.2.14",
        "tsafe": "^0.10.0"
      }
    },
    "node_modules/minimal-polyfills": {
      "version": "2.2.1",
      "resolved": "https://registry.npmjs.org/minimal-polyfills/-/minimal-polyfills-2.2.1.tgz",
      "integrity": "sha512-WLmHQrsZob4rVYf8yHapZPNJZ3sspGa/sN8abuSD59b0FifDEE7HMfLUi24z7mPZqTpBXy4Svp+iGvAmclCmXg=="
    },
    "node_modules/run-exclusive": {
      "version": "2.2.14",
      "resolved": "https://registry.npmjs.org/run-exclusive/-/run-exclusive-2.2.14.tgz",
      "integrity": "sha512-NHaQfB3zPJFx7p4M06AcmoK8xz/h8YDMCdy3jxfyoC9VqIbl1U+DiVjUuAYZBRMwvj5qkQnOUGfsmyUC4k46dg==",
      "dependencies": {
        "minimal-polyfills": "^2.1.5"
      }
    },
    "node_modules/tsafe": {
      "version": "0.10.0",
      "resolved": "https://registry.npmjs.org/tsafe/-/tsafe-0.10.0.tgz",
      "integrity": "sha512-CFfa1uJKfU0DDRbuB8bf2mfXjkOqiTsrltexzMMLxq5gjd1LttFECNGsO8dYUALJDbShb6+f3CwAppW/wf9BrA=="
    }
  },
  "dependencies": {
    "evt": {
      "version": "2.2.1",
      "resolved": "https://registry.npmjs.org/evt/-/evt-2.2.1.tgz",
      "integrity": "sha512-MbzwSxMaZrmg09Q0HeK/W0/xwH3u9jFxb78MAXhhFczjog8gqoaO1IQGCAIOlI7FHW7NzuoCKpjcIyJUva7H3w==",
      "requires": {
        "minimal-polyfills": "^2.2.1",
        "run-exclusive": "^2.2.14",
        "tsafe": "^0.10.0"
      }
    },
    "minimal-polyfills": {
      "version": "2.2.1",
      "resolved": "https://registry.npmjs.org/minimal-polyfills/-/minimal-polyfills-2.2.1.tgz",
      "integrity": "sha512-WLmHQrsZob4rVYf8yHapZPNJZ3sspGa/sN8abuSD59b0FifDEE7HMfLUi24z7mPZqTpBXy4Svp+iGvAmclCmXg=="
    },
    "run-exclusive": {
      "version": "2.2.14",
      "resolved": "https://registry.npmjs.org/run-exclusive/-/run-exclusive-2.2.14.tgz",
      "integrity": "sha512-NHaQfB3zPJFx7p4M06AcmoK8xz/h8YDMCdy3jxfyoC9VqIbl1U+DiVjUuAYZBRMwvj5qkQnOUGfsmyUC4k46dg==",
      "requires": {
        "minimal-polyfills": "^2.1.5"
      }
    },
    "tsafe": {
      "version": "0.10.0",
      "resolved": "https://registry.npmjs.org/tsafe/-/tsafe-0.10.0.tgz",
      "integrity": "sha512-CFfa1uJKfU0DDRbuB8bf2mfXjkOqiTsrltexzMMLxq5gjd1LttFECNGsO8dYUALJDbShb6+f3CwAppW/wf9BrA=="
    }
  }
}
