{
  "name": "evtbus",
  "version": "0.8.0",
  "lockfileVersion": 2,
  "requires": true,
  "packages": {
    "": {
      "name": "evtbus",
      "version": "0.8.0",
      "license": "MIT",
      "dependencies": {
        "evt": "^1.11.2"
      }
    },
    "node_modules/evt": {
      "version": "1.11.2",
      "resolved": "https://registry.npmjs.org/evt/-/evt-1.11.2.tgz",
      "integrity": "sha512-TShpDKBsHQslCV83lkH2A070gywfZD7SRjh0fYALHWUKteSHTI07L7YjCpoJOM4k4sL8Ue/9CB7vtL3DukDaLA==",
      "dependencies": {
        "minimal-polyfills": "^2.1.5",
        "run-exclusive": "^2.2.14"
      }
    },
    "node_modules/minimal-polyfills": {
      "version": "2.2.1",
      "resolved": "https://registry.npmjs.org/minimal-polyfills/-/minimal-polyfills-2.2.1.tgz",
      "integrity": "sha512-WLmHQrsZob4rVYf8yHapZPNJZ3sspGa/sN8abuSD59b0FifDEE7HMfLUi24z7mPZqTpBXy4Svp+iGvAmclCmXg=="
    },
    "node_modules/run-exclusive": {
      "version": "2.2.14",
      "resolved": "https://registry.npmjs.org/run-exclusive/-/run-exclusive-2.2.14.tgz",
      "integrity": "sha512-NHaQfB3zPJFx7p4M06AcmoK8xz/h8YDMCdy3jxfyoC9VqIbl1U+DiVjUuAYZBRMwvj5qkQnOUGfsmyUC4k46dg==",
      "dependencies": {
        "minimal-polyfills": "^2.1.5"
      }
    }
  },
  "dependencies": {
    "evt": {
      "version": "1.11.2",
      "resolved": "https://registry.npmjs.org/evt/-/evt-1.11.2.tgz",
      "integrity": "sha512-TShpDKBsHQslCV83lkH2A070gywfZD7SRjh0fYALHWUKteSHTI07L7YjCpoJOM4k4sL8Ue/9CB7vtL3DukDaLA==",
      "requires": {
        "minimal-polyfills": "^2.1.5",
        "run-exclusive": "^2.2.14"
      }
    },
    "minimal-polyfills": {
      "version": "2.2.1",
      "resolved": "https://registry.npmjs.org/minimal-polyfills/-/minimal-polyfills-2.2.1.tgz",
      "integrity": "sha512-WLmHQrsZob4rVYf8yHapZPNJZ3sspGa/sN8abuSD59b0FifDEE7HMfLUi24z7mPZqTpBXy4Svp+iGvAmclCmXg=="
    },
    "run-exclusive": {
      "version": "2.2.14",
      "resolved": "https://registry.npmjs.org/run-exclusive/-/run-exclusive-2.2.14.tgz",
      "integrity": "sha512-NHaQfB3zPJFx7p4M06AcmoK8xz/h8YDMCdy3jxfyoC9VqIbl1U+DiVjUuAYZBRMwvj5qkQnOUGfsmyUC4k46dg==",
      "requires": {
        "minimal-polyfills": "^2.1.5"
      }
    }
  }
}
